
Microsoft Visual Studio Solution File, Format Version 12.00
# Visual Studio Version 16
VisualStudioVersion = 16.0.29009.5
MinimumVisualStudioVersion = 10.0.40219.1
Project("{FAE04EC0-301F-11D3-BF4B-00C04F79EFBC}") = "DigitArc.Lib.Security.JwtTokenValidator", "DigitArc.Lib.Security.JwtTokenValidator.csproj", "{8CC59D3E-E679-4F15-82B7-7B209A89E8E6}"
EndProject
Global
	GlobalSection(SolutionConfigurationPlatforms) = preSolution
		Debug|Any CPU = Debug|Any CPU
		Release|Any CPU = Release|Any CPU
	EndGlobalSection
	GlobalSection(ProjectConfigurationPlatforms) = postSolution
		{8CC59D3E-E679-4F15-82B7-7B209A89E8E6}.Debug|Any CPU.ActiveCfg = Debug|Any CPU
		{8CC59D3E-E679-4F15-82B7-7B209A89E8E6}.Debug|Any CPU.Build.0 = Debug|Any CPU
		{8CC59D3E-E679-4F15-82B7-7B209A89E8E6}.Release|Any CPU.ActiveCfg = Release|Any CPU
		{8CC59D3E-E679-4F15-82B7-7B209A89E8E6}.Release|Any CPU.Build.0 = Release|Any CPU
	EndGlobalSection
	GlobalSection(SolutionProperties) = preSolution
		HideSolutionNode = FALSE
	EndGlobalSection
	GlobalSection(ExtensibilityGlobals) = postSolution
		SolutionGuid = {788D6EF1-C9ED-40BB-86DD-906EA775C0FC}
	EndGlobalSection
EndGlobal
